
Microsoft Visual Studio Solution File, Format Version 12.00
# Visual Studio Version 16
VisualStudioVersion = 16.6.30114.105
MinimumVisualStudioVersion = 10.0.40219.1
Project("{2150E333-8FDC-42A3-9474-1A3956D46DE8}") = "src", "src", "{DFF1B8D5-E88F-49B2-BCFF-79DD5F9A36B9}"
EndProject
Project("{FAE04EC0-301F-11D3-BF4B-00C04F79EFBC}") = "MicroservicesGrpcExample.Client", "src\MicroservicesGrpcExample.Client\MicroservicesGrpcExample.Client.csproj", "{F40FC44F-950C-4873-9097-5E7C523E3E9D}"
EndProject
Project("{FAE04EC0-301F-11D3-BF4B-00C04F79EFBC}") = "MicroservicesGrpcExample.Server", "src\MicroservicesGrpcExample.Server\MicroservicesGrpcExample.Server.csproj", "{39E39900-C0C8-4C58-929A-BE6C1C51BD02}"
EndProject
Project("{FAE04EC0-301F-11D3-BF4B-00C04F79EFBC}") = "MicroservicesGrpcExample.Protos", "src\MicroservicesGrpcExample.Protos\MicroservicesGrpcExample.Protos.csproj", "{C5664032-170C-40DB-BE07-784DA158BAF1}"
EndProject
Global
	GlobalSection(SolutionConfigurationPlatforms) = preSolution
		Debug|Any CPU = Debug|Any CPU
		Debug|x64 = Debug|x64
		Debug|x86 = Debug|x86
		Release|Any CPU = Release|Any CPU
		Release|x64 = Release|x64
		Release|x86 = Release|x86
	EndGlobalSection
	GlobalSection(SolutionProperties) = preSolution
		HideSolutionNode = FALSE
	EndGlobalSection
	GlobalSection(ProjectConfigurationPlatforms) = postSolution
		{F40FC44F-950C-4873-9097-5E7C523E3E9D}.Debug|Any CPU.ActiveCfg = Debug|Any CPU
		{F40FC44F-950C-4873-9097-5E7C523E3E9D}.Debug|Any CPU.Build.0 = Debug|Any CPU
		{F40FC44F-950C-4873-9097-5E7C523E3E9D}.Debug|x64.ActiveCfg = Debug|Any CPU
		{F40FC44F-950C-4873-9097-5E7C523E3E9D}.Debug|x64.Build.0 = Debug|Any CPU
		{F40FC44F-950C-4873-9097-5E7C523E3E9D}.Debug|x86.ActiveCfg = Debug|Any CPU
		{F40FC44F-950C-4873-9097-5E7C523E3E9D}.Debug|x86.Build.0 = Debug|Any CPU
		{F40FC44F-950C-4873-9097-5E7C523E3E9D}.Release|Any CPU.ActiveCfg = Release|Any CPU
		{F40FC44F-950C-4873-9097-5E7C523E3E9D}.Release|Any CPU.Build.0 = Release|Any CPU
		{F40FC44F-950C-4873-9097-5E7C523E3E9D}.Release|x64.ActiveCfg = Release|Any CPU
		{F40FC44F-950C-4873-9097-5E7C523E3E9D}.Release|x64.Build.0 = Release|Any CPU
		{F40FC44F-950C-4873-9097-5E7C523E3E9D}.Release|x86.ActiveCfg = Release|Any CPU
		{F40FC44F-950C-4873-9097-5E7C523E3E9D}.Release|x86.Build.0 = Release|Any CPU
		{39E39900-C0C8-4C58-929A-BE6C1C51BD02}.Debug|Any CPU.ActiveCfg = Debug|Any CPU
		{39E39900-C0C8-4C58-929A-BE6C1C51BD02}.Debug|Any CPU.Build.0 = Debug|Any CPU
		{39E39900-C0C8-4C58-929A-BE6C1C51BD02}.Debug|x64.ActiveCfg = Debug|Any CPU
		{39E39900-C0C8-4C58-929A-BE6C1C51BD02}.Debug|x64.Build.0 = Debug|Any CPU
		{39E39900-C0C8-4C58-929A-BE6C1C51BD02}.Debug|x86.ActiveCfg = Debug|Any CPU
		{39E39900-C0C8-4C58-929A-BE6C1C51BD02}.Debug|x86.Build.0 = Debug|Any CPU
		{39E39900-C0C8-4C58-929A-BE6C1C51BD02}.Release|Any CPU.ActiveCfg = Release|Any CPU
		{39E39900-C0C8-4C58-929A-BE6C1C51BD02}.Release|Any CPU.Build.0 = Release|Any CPU
		{39E39900-C0C8-4C58-929A-BE6C1C51BD02}.Release|x64.ActiveCfg = Release|Any CPU
		{39E39900-C0C8-4C58-929A-BE6C1C51BD02}.Release|x64.Build.0 = Release|Any CPU
		{39E39900-C0C8-4C58-929A-BE6C1C51BD02}.Release|x86.ActiveCfg = Release|Any CPU
		{39E39900-C0C8-4C58-929A-BE6C1C51BD02}.Release|x86.Build.0 = Release|Any CPU
		{C5664032-170C-40DB-BE07-784DA158BAF1}.Debug|Any CPU.ActiveCfg = Debug|Any CPU
		{C5664032-170C-40DB-BE07-784DA158BAF1}.Debug|Any CPU.Build.0 = Debug|Any CPU
		{C5664032-170C-40DB-BE07-784DA158BAF1}.Debug|x64.ActiveCfg = Debug|Any CPU
		{C5664032-170C-40DB-BE07-784DA158BAF1}.Debug|x64.Build.0 = Debug|Any CPU
		{C5664032-170C-40DB-BE07-784DA158BAF1}.Debug|x86.ActiveCfg = Debug|Any CPU
		{C5664032-170C-40DB-BE07-784DA158BAF1}.Debug|x86.Build.0 = Debug|Any CPU
		{C5664032-170C-40DB-BE07-784DA158BAF1}.Release|Any CPU.ActiveCfg = Release|Any CPU
		{C5664032-170C-40DB-BE07-784DA158BAF1}.Release|Any CPU.Build.0 = Release|Any CPU
		{C5664032-170C-40DB-BE07-784DA158BAF1}.Release|x64.ActiveCfg = Release|Any CPU
		{C5664032-170C-40DB-BE07-784DA158BAF1}.Release|x64.Build.0 = Release|Any CPU
		{C5664032-170C-40DB-BE07-784DA158BAF1}.Release|x86.ActiveCfg = Release|Any CPU
		{C5664032-170C-40DB-BE07-784DA158BAF1}.Release|x86.Build.0 = Release|Any CPU
	EndGlobalSection
	GlobalSection(NestedProjects) = preSolution
		{F40FC44F-950C-4873-9097-5E7C523E3E9D} = {DFF1B8D5-E88F-49B2-BCFF-79DD5F9A36B9}
		{39E39900-C0C8-4C58-929A-BE6C1C51BD02} = {DFF1B8D5-E88F-49B2-BCFF-79DD5F9A36B9}
		{C5664032-170C-40DB-BE07-784DA158BAF1} = {DFF1B8D5-E88F-49B2-BCFF-79DD5F9A36B9}
	EndGlobalSection
EndGlobal
